
Microsoft Visual Studio Solution File, Format Version 12.00
# Visual Studio Version 16
VisualStudioVersion = 16.0.29709.97
MinimumVisualStudioVersion = 10.0.40219.1
Project("{FAE04EC0-301F-11D3-BF4B-00C04F79EFBC}") = "Skan_num_pom", "Skan_num_pom\Skan_num_pom.csproj", "{35112B49-ED97-4D85-8535-34B65A01B0A5}"
EndProject
Global
	GlobalSection(SolutionConfigurationPlatforms) = preSolution
		Debug|Any CPU = Debug|Any CPU
		Release|Any CPU = Release|Any CPU
	EndGlobalSection
	GlobalSection(ProjectConfigurationPlatforms) = postSolution
		{35112B49-ED97-4D85-8535-34B65A01B0A5}.Debug|Any CPU.ActiveCfg = Release|Any CPU
		{35112B49-ED97-4D85-8535-34B65A01B0A5}.Debug|Any CPU.Build.0 = Release|Any CPU
		{35112B49-ED97-4D85-8535-34B65A01B0A5}.Release|Any CPU.ActiveCfg = Release|Any CPU
		{35112B49-ED97-4D85-8535-34B65A01B0A5}.Release|Any CPU.Build.0 = Release|Any CPU
	EndGlobalSection
	GlobalSection(SolutionProperties) = preSolution
		HideSolutionNode = FALSE
	EndGlobalSection
	GlobalSection(ExtensibilityGlobals) = postSolution
		SolutionGuid = {F76E00EB-811B-40D7-A546-0C32764CEEF8}
	EndGlobalSection
EndGlobal
